
Microsoft Visual Studio Solution File, Format Version 12.00
# Visual Studio 15
VisualStudioVersion = 15.0.27428.2043
MinimumVisualStudioVersion = 10.0.40219.1
Project("{FAE04EC0-301F-11D3-BF4B-00C04F79EFBC}") = "LuaConsole", "LuaConsole\LuaConsole.csproj", "{4353B64E-CFDC-4A9D-9095-B508F26A49F9}"
EndProject
Global
	GlobalSection(SolutionConfigurationPlatforms) = preSolution
		Debug|Any CPU = Debug|Any CPU
		Release|Any CPU = Release|Any CPU
	EndGlobalSection
	GlobalSection(ProjectConfigurationPlatforms) = postSolution
		{4353B64E-CFDC-4A9D-9095-B508F26A49F9}.Debug|Any CPU.ActiveCfg = Debug|Any CPU
		{4353B64E-CFDC-4A9D-9095-B508F26A49F9}.Debug|Any CPU.Build.0 = Debug|Any CPU
		{4353B64E-CFDC-4A9D-9095-B508F26A49F9}.Release|Any CPU.ActiveCfg = Release|Any CPU
		{4353B64E-CFDC-4A9D-9095-B508F26A49F9}.Release|Any CPU.Build.0 = Release|Any CPU
	EndGlobalSection
	GlobalSection(SolutionProperties) = preSolution
		HideSolutionNode = FALSE
	EndGlobalSection
	GlobalSection(ExtensibilityGlobals) = postSolution
		SolutionGuid = {92EF6555-EBA3-4352-8E1A-D66FD9996777}
	EndGlobalSection
EndGlobal
